
Microsoft Visual Studio Solution File, Format Version 12.00
# Visual Studio Version 17
VisualStudioVersion = 17.8.34309.116
MinimumVisualStudioVersion = 10.0.40219.1
Project("{9A19103F-16F7-4668-BE54-9A1E7A4F7556}") = "recipesAPI", "recipesApi\recipesAPI.csproj", "{62416CFF-6822-4FEB-B453-0A50EFC2CD6E}"
EndProject
Project("{9A19103F-16F7-4668-BE54-9A1E7A4F7556}") = "recipesCommon", "recipesCommon\recipesCommon.csproj", "{5E89AD50-FD44-4F82-ACE8-227D13DFFBB6}"
EndProject
Project("{9A19103F-16F7-4668-BE54-9A1E7A4F7556}") = "recipesTest", "recipesTest\recipesTest.csproj", "{F79760B7-823C-44C8-9E1D-99CDF4160488}"
EndProject
Global
	GlobalSection(SolutionConfigurationPlatforms) = preSolution
		Debug|Any CPU = Debug|Any CPU
		Release|Any CPU = Release|Any CPU
	EndGlobalSection
	GlobalSection(ProjectConfigurationPlatforms) = postSolution
		{62416CFF-6822-4FEB-B453-0A50EFC2CD6E}.Debug|Any CPU.ActiveCfg = Debug|Any CPU
		{62416CFF-6822-4FEB-B453-0A50EFC2CD6E}.Debug|Any CPU.Build.0 = Debug|Any CPU
		{62416CFF-6822-4FEB-B453-0A50EFC2CD6E}.Release|Any CPU.ActiveCfg = Release|Any CPU
		{62416CFF-6822-4FEB-B453-0A50EFC2CD6E}.Release|Any CPU.Build.0 = Release|Any CPU
		{5E89AD50-FD44-4F82-ACE8-227D13DFFBB6}.Debug|Any CPU.ActiveCfg = Debug|Any CPU
		{5E89AD50-FD44-4F82-ACE8-227D13DFFBB6}.Debug|Any CPU.Build.0 = Debug|Any CPU
		{5E89AD50-FD44-4F82-ACE8-227D13DFFBB6}.Release|Any CPU.ActiveCfg = Release|Any CPU
		{5E89AD50-FD44-4F82-ACE8-227D13DFFBB6}.Release|Any CPU.Build.0 = Release|Any CPU
		{F79760B7-823C-44C8-9E1D-99CDF4160488}.Debug|Any CPU.ActiveCfg = Debug|Any CPU
		{F79760B7-823C-44C8-9E1D-99CDF4160488}.Debug|Any CPU.Build.0 = Debug|Any CPU
		{F79760B7-823C-44C8-9E1D-99CDF4160488}.Release|Any CPU.ActiveCfg = Release|Any CPU
		{F79760B7-823C-44C8-9E1D-99CDF4160488}.Release|Any CPU.Build.0 = Release|Any CPU
	EndGlobalSection
	GlobalSection(SolutionProperties) = preSolution
		HideSolutionNode = FALSE
	EndGlobalSection
	GlobalSection(ExtensibilityGlobals) = postSolution
		SolutionGuid = {4C5635B2-D83E-4D9A-99EF-F756A2F7095B}
	EndGlobalSection
EndGlobal
